// !$*UTF8*$!
{
	archiveVersion = 1;
	classes = {
	};
	objectVersion = 56;
	objects = {

/* Begin PBXBuildFile section */
		9A4786FC2C37F27A00717319 /* LocationSearchActivationView.swift in Sources */ = {isa = PBXBuildFile; fileRef = 9A4786FB2C37F27A00717319 /* LocationSearchActivationView.swift */; };
		9A4786FE2C37F5B500717319 /* MapViewActionButton.swift in Sources */ = {isa = PBXBuildFile; fileRef = 9A4786FD2C37F5B500717319 /* MapViewActionButton.swift */; };
		9A4787002C37F7A400717319 /* LocationSearchView.swift in Sources */ = {isa = PBXBuildFile; fileRef = 9A4786FF2C37F7A400717319 /* LocationSearchView.swift */; };
		9A4787022C37FC4900717319 /* LocationSearchResultCell.swift in Sources */ = {isa = PBXBuildFile; fileRef = 9A4787012C37FC4900717319 /* LocationSearchResultCell.swift */; };
		9A4787042C382B8E00717319 /* LocationSearchViewModel.swift in Sources */ = {isa = PBXBuildFile; fileRef = 9A4787032C382B8E00717319 /* LocationSearchViewModel.swift */; };
		9A4787062C3894BF00717319 /* MapViewState.swift in Sources */ = {isa = PBXBuildFile; fileRef = 9A4787052C3894BF00717319 /* MapViewState.swift */; };
		9A4787092C395B6600717319 /* RideRequestView.swift in Sources */ = {isa = PBXBuildFile; fileRef = 9A4787082C395B6600717319 /* RideRequestView.swift */; };
		9A47870B2C39797F00717319 /* RideType.swift in Sources */ = {isa = PBXBuildFile; fileRef = 9A47870A2C39797F00717319 /* RideType.swift */; };
		9AA445CB2C3BC28600B2249C /* RegistrationView.swift in Sources */ = {isa = PBXBuildFile; fileRef = 9AA445CA2C3BC28600B2249C /* RegistrationView.swift */; };
		9AA445D02C3BC59800B2249C /* ProfileView.swift in Sources */ = {isa = PBXBuildFile; fileRef = 9AA445CF2C3BC59800B2249C /* ProfileView.swift */; };
		9AA445D22C3BC91700B2249C /* SettingsRowView.swift in Sources */ = {isa = PBXBuildFile; fileRef = 9AA445D12C3BC91700B2249C /* SettingsRowView.swift */; };
		9AA445D42C3BCCD500B2249C /* User.swift in Sources */ = {isa = PBXBuildFile; fileRef = 9AA445D32C3BCCD400B2249C /* User.swift */; };
		9AA445D62C3BF3DC00B2249C /* GoogleService-Info.plist in Resources */ = {isa = PBXBuildFile; fileRef = 9AA445D52C3BF3DC00B2249C /* GoogleService-Info.plist */; };
		9AA445D92C3BF4C100B2249C /* FirebaseAnalytics in Frameworks */ = {isa = PBXBuildFile; productRef = 9AA445D82C3BF4C100B2249C /* FirebaseAnalytics */; };
		9AA445DB2C3BF4C100B2249C /* FirebaseAnalyticsOnDeviceConversion in Frameworks */ = {isa = PBXBuildFile; productRef = 9AA445DA2C3BF4C100B2249C /* FirebaseAnalyticsOnDeviceConversion */; };
		9AA445DD2C3BF4C100B2249C /* FirebaseAnalyticsSwift in Frameworks */ = {isa = PBXBuildFile; productRef = 9AA445DC2C3BF4C100B2249C /* FirebaseAnalyticsSwift */; };
		9AA445DF2C3BF4C100B2249C /* FirebaseAnalyticsWithoutAdIdSupport in Frameworks */ = {isa = PBXBuildFile; productRef = 9AA445DE2C3BF4C100B2249C /* FirebaseAnalyticsWithoutAdIdSupport */; };
		9AA445E12C3BF4C100B2249C /* FirebaseAppCheck in Frameworks */ = {isa = PBXBuildFile; productRef = 9AA445E02C3BF4C100B2249C /* FirebaseAppCheck */; };
		9AA445E32C3BF4C100B2249C /* FirebaseAppDistribution-Beta in Frameworks */ = {isa = PBXBuildFile; productRef = 9AA445E22C3BF4C100B2249C /* FirebaseAppDistribution-Beta */; };
		9AA445E52C3BF4C100B2249C /* FirebaseAuth in Frameworks */ = {isa = PBXBuildFile; productRef = 9AA445E42C3BF4C100B2249C /* FirebaseAuth */; };
		9AA445E72C3BF4C100B2249C /* FirebaseAuthCombine-Community in Frameworks */ = {isa = PBXBuildFile; productRef = 9AA445E62C3BF4C100B2249C /* FirebaseAuthCombine-Community */; };
		9AA445E92C3BF4C100B2249C /* FirebaseCrashlytics in Frameworks */ = {isa = PBXBuildFile; productRef = 9AA445E82C3BF4C100B2249C /* FirebaseCrashlytics */; };
		9AA445EB2C3BF4C100B2249C /* FirebaseDatabase in Frameworks */ = {isa = PBXBuildFile; productRef = 9AA445EA2C3BF4C100B2249C /* FirebaseDatabase */; };
		9AA445ED2C3BF4C100B2249C /* FirebaseDatabaseSwift in Frameworks */ = {isa = PBXBuildFile; productRef = 9AA445EC2C3BF4C100B2249C /* FirebaseDatabaseSwift */; };
		9AA445EF2C3BF4C100B2249C /* FirebaseDynamicLinks in Frameworks */ = {isa = PBXBuildFile; productRef = 9AA445EE2C3BF4C100B2249C /* FirebaseDynamicLinks */; };
		9AA445F12C3BF4C100B2249C /* FirebaseFirestore in Frameworks */ = {isa = PBXBuildFile; productRef = 9AA445F02C3BF4C100B2249C /* FirebaseFirestore */; };
		9AA445F32C3BF4C100B2249C /* FirebaseFirestoreCombine-Community in Frameworks */ = {isa = PBXBuildFile; productRef = 9AA445F22C3BF4C100B2249C /* FirebaseFirestoreCombine-Community */; };
		9AA445F52C3BF4C100B2249C /* FirebaseFirestoreSwift in Frameworks */ = {isa = PBXBuildFile; productRef = 9AA445F42C3BF4C100B2249C /* FirebaseFirestoreSwift */; };
		9AA445F72C3BF4C100B2249C /* FirebaseFunctions in Frameworks */ = {isa = PBXBuildFile; productRef = 9AA445F62C3BF4C100B2249C /* FirebaseFunctions */; };
		9AA445F92C3BF4C100B2249C /* FirebaseFunctionsCombine-Community in Frameworks */ = {isa = PBXBuildFile; productRef = 9AA445F82C3BF4C100B2249C /* FirebaseFunctionsCombine-Community */; };
		9AA445FB2C3BF4C100B2249C /* FirebaseInAppMessaging-Beta in Frameworks */ = {isa = PBXBuildFile; productRef = 9AA445FA2C3BF4C100B2249C /* FirebaseInAppMessaging-Beta */; };
		9AA445FD2C3BF4C100B2249C /* FirebaseInAppMessagingSwift-Beta in Frameworks */ = {isa = PBXBuildFile; productRef = 9AA445FC2C3BF4C100B2249C /* FirebaseInAppMessagingSwift-Beta */; };
		9AA445FF2C3BF4C100B2249C /* FirebaseInstallations in Frameworks */ = {isa = PBXBuildFile; productRef = 9AA445FE2C3BF4C100B2249C /* FirebaseInstallations */; };
		9AA446012C3BF4C100B2249C /* FirebaseMLModelDownloader in Frameworks */ = {isa = PBXBuildFile; productRef = 9AA446002C3BF4C100B2249C /* FirebaseMLModelDownloader */; };
		9AA446032C3BF4C100B2249C /* FirebaseMessaging in Frameworks */ = {isa = PBXBuildFile; productRef = 9AA446022C3BF4C100B2249C /* FirebaseMessaging */; };
		9AA446052C3BF4C100B2249C /* FirebasePerformance in Frameworks */ = {isa = PBXBuildFile; productRef = 9AA446042C3BF4C100B2249C /* FirebasePerformance */; };
		9AA446072C3BF4C100B2249C /* FirebaseRemoteConfig in Frameworks */ = {isa = PBXBuildFile; productRef = 9AA446062C3BF4C100B2249C /* FirebaseRemoteConfig */; };
		9AA446092C3BF4C100B2249C /* FirebaseRemoteConfigSwift in Frameworks */ = {isa = PBXBuildFile; productRef = 9AA446082C3BF4C100B2249C /* FirebaseRemoteConfigSwift */; };
		9AA4460B2C3BF4C100B2249C /* FirebaseStorage in Frameworks */ = {isa = PBXBuildFile; productRef = 9AA4460A2C3BF4C100B2249C /* FirebaseStorage */; };
		9AA4460D2C3BF4C100B2249C /* FirebaseStorageCombine-Community in Frameworks */ = {isa = PBXBuildFile; productRef = 9AA4460C2C3BF4C100B2249C /* FirebaseStorageCombine-Community */; };
		9AA4460F2C3BF4C100B2249C /* FirebaseVertexAI-Preview in Frameworks */ = {isa = PBXBuildFile; productRef = 9AA4460E2C3BF4C100B2249C /* FirebaseVertexAI-Preview */; };
		9AA446112C3BF52C00B2249C /* AuthViewModel.swift in Sources */ = {isa = PBXBuildFile; fileRef = 9AA446102C3BF52C00B2249C /* AuthViewModel.swift */; };
		9AA446132C3BFBFC00B2249C /* InitialView.swift in Sources */ = {isa = PBXBuildFile; fileRef = 9AA446122C3BFBFC00B2249C /* InitialView.swift */; };
		9AC0C3192C373C960022F9A7 /* UberCloneApp.swift in Sources */ = {isa = PBXBuildFile; fileRef = 9AC0C3182C373C960022F9A7 /* UberCloneApp.swift */; };
		9AC0C31D2C373C980022F9A7 /* Assets.xcassets in Resources */ = {isa = PBXBuildFile; fileRef = 9AC0C31C2C373C980022F9A7 /* Assets.xcassets */; };
		9AC0C3202C373C980022F9A7 /* Preview Assets.xcassets in Resources */ = {isa = PBXBuildFile; fileRef = 9AC0C31F2C373C980022F9A7 /* Preview Assets.xcassets */; };
		9AC0C32E2C373DE50022F9A7 /* HomeView.swift in Sources */ = {isa = PBXBuildFile; fileRef = 9AC0C32D2C373DE50022F9A7 /* HomeView.swift */; };
		9AC0C3302C373E840022F9A7 /* UberMapViewRepresetable.swift in Sources */ = {isa = PBXBuildFile; fileRef = 9AC0C32F2C373E840022F9A7 /* UberMapViewRepresetable.swift */; };
		9AC0C3322C3741DC0022F9A7 /* LocationManager.swift in Sources */ = {isa = PBXBuildFile; fileRef = 9AC0C3312C3741DC0022F9A7 /* LocationManager.swift */; };
		9ACEBF022C3AB7BC00DFADE6 /* Double.swift in Sources */ = {isa = PBXBuildFile; fileRef = 9ACEBF012C3AB7BC00DFADE6 /* Double.swift */; };
		9ACEBF042C3ABE4700DFADE6 /* UberLocation.swift in Sources */ = {isa = PBXBuildFile; fileRef = 9ACEBF032C3ABE4700DFADE6 /* UberLocation.swift */; };
		9ACEBF062C3ADBDB00DFADE6 /* Color.swift in Sources */ = {isa = PBXBuildFile; fileRef = 9ACEBF052C3ADBDB00DFADE6 /* Color.swift */; };
		9ACEBF0C2C3AE68100DFADE6 /* LoginView.swift in Sources */ = {isa = PBXBuildFile; fileRef = 9ACEBF0B2C3AE68100DFADE6 /* LoginView.swift */; };
		9ACEBF0E2C3AEA7600DFADE6 /* InputView.swift in Sources */ = {isa = PBXBuildFile; fileRef = 9ACEBF0D2C3AEA7600DFADE6 /* InputView.swift */; };
/* End PBXBuildFile section */

/* Begin PBXFileReference section */
		9A4786FB2C37F27A00717319 /* LocationSearchActivationView.swift */ = {isa = PBXFileReference; lastKnownFileType = sourcecode.swift; path = LocationSearchActivationView.swift; sourceTree = "<group>"; };
		9A4786FD2C37F5B500717319 /* MapViewActionButton.swift */ = {isa = PBXFileReference; lastKnownFileType = sourcecode.swift; path = MapViewActionButton.swift; sourceTree = "<group>"; };
		9A4786FF2C37F7A400717319 /* LocationSearchView.swift */ = {isa = PBXFileReference; lastKnownFileType = sourcecode.swift; path = LocationSearchView.swift; sourceTree = "<group>"; };
		9A4787012C37FC4900717319 /* LocationSearchResultCell.swift */ = {isa = PBXFileReference; lastKnownFileType = sourcecode.swift; path = LocationSearchResultCell.swift; sourceTree = "<group>"; };
		9A4787032C382B8E00717319 /* LocationSearchViewModel.swift */ = {isa = PBXFileReference; lastKnownFileType = sourcecode.swift; path = LocationSearchViewModel.swift; sourceTree = "<group>"; };
		9A4787052C3894BF00717319 /* MapViewState.swift */ = {isa = PBXFileReference; lastKnownFileType = sourcecode.swift; path = MapViewState.swift; sourceTree = "<group>"; };
		9A4787082C395B6600717319 /* RideRequestView.swift */ = {isa = PBXFileReference; lastKnownFileType = sourcecode.swift; path = RideRequestView.swift; sourceTree = "<group>"; };
		9A47870A2C39797F00717319 /* RideType.swift */ = {isa = PBXFileReference; lastKnownFileType = sourcecode.swift; path = RideType.swift; sourceTree = "<group>"; };
		9AA445CA2C3BC28600B2249C /* RegistrationView.swift */ = {isa = PBXFileReference; lastKnownFileType = sourcecode.swift; path = RegistrationView.swift; sourceTree = "<group>"; };
		9AA445CF2C3BC59800B2249C /* ProfileView.swift */ = {isa = PBXFileReference; lastKnownFileType = sourcecode.swift; path = ProfileView.swift; sourceTree = "<group>"; };
		9AA445D12C3BC91700B2249C /* SettingsRowView.swift */ = {isa = PBXFileReference; lastKnownFileType = sourcecode.swift; path = SettingsRowView.swift; sourceTree = "<group>"; };
		9AA445D32C3BCCD400B2249C /* User.swift */ = {isa = PBXFileReference; lastKnownFileType = sourcecode.swift; path = User.swift; sourceTree = "<group>"; };
		9AA445D52C3BF3DC00B2249C /* GoogleService-Info.plist */ = {isa = PBXFileReference; fileEncoding = 4; lastKnownFileType = text.plist.xml; path = "GoogleService-Info.plist"; sourceTree = "<group>"; };
		9AA446102C3BF52C00B2249C /* AuthViewModel.swift */ = {isa = PBXFileReference; lastKnownFileType = sourcecode.swift; path = AuthViewModel.swift; sourceTree = "<group>"; };
		9AA446122C3BFBFC00B2249C /* InitialView.swift */ = {isa = PBXFileReference; lastKnownFileType = sourcecode.swift; path = InitialView.swift; sourceTree = "<group>"; };
		9AC0C3152C373C960022F9A7 /* UberClone.app */ = {isa = PBXFileReference; explicitFileType = wrapper.application; includeInIndex = 0; path = UberClone.app; sourceTree = BUILT_PRODUCTS_DIR; };
		9AC0C3182C373C960022F9A7 /* UberCloneApp.swift */ = {isa = PBXFileReference; lastKnownFileType = sourcecode.swift; path = UberCloneApp.swift; sourceTree = "<group>"; };
		9AC0C31C2C373C980022F9A7 /* Assets.xcassets */ = {isa = PBXFileReference; lastKnownFileType = folder.assetcatalog; path = Assets.xcassets; sourceTree = "<group>"; };
		9AC0C31F2C373C980022F9A7 /* Preview Assets.xcassets */ = {isa = PBXFileReference; lastKnownFileType = folder.assetcatalog; path = "Preview Assets.xcassets"; sourceTree = "<group>"; };
		9AC0C32D2C373DE50022F9A7 /* HomeView.swift */ = {isa = PBXFileReference; lastKnownFileType = sourcecode.swift; path = HomeView.swift; sourceTree = "<group>"; };
		9AC0C32F2C373E840022F9A7 /* UberMapViewRepresetable.swift */ = {isa = PBXFileReference; lastKnownFileType = sourcecode.swift; path = UberMapViewRepresetable.swift; sourceTree = "<group>"; };
		9AC0C3312C3741DC0022F9A7 /* LocationManager.swift */ = {isa = PBXFileReference; lastKnownFileType = sourcecode.swift; path = LocationManager.swift; sourceTree = "<group>"; };
		9ACEBF012C3AB7BC00DFADE6 /* Double.swift */ = {isa = PBXFileReference; lastKnownFileType = sourcecode.swift; path = Double.swift; sourceTree = "<group>"; };
		9ACEBF032C3ABE4700DFADE6 /* UberLocation.swift */ = {isa = PBXFileReference; lastKnownFileType = sourcecode.swift; path = UberLocation.swift; sourceTree = "<group>"; };
		9ACEBF052C3ADBDB00DFADE6 /* Color.swift */ = {isa = PBXFileReference; lastKnownFileType = sourcecode.swift; path = Color.swift; sourceTree = "<group>"; };
		9ACEBF0B2C3AE68100DFADE6 /* LoginView.swift */ = {isa = PBXFileReference; lastKnownFileType = sourcecode.swift; path = LoginView.swift; sourceTree = "<group>"; };
		9ACEBF0D2C3AEA7600DFADE6 /* InputView.swift */ = {isa = PBXFileReference; lastKnownFileType = sourcecode.swift; path = InputView.swift; sourceTree = "<group>"; };
/* End PBXFileReference section */

/* Begin PBXFrameworksBuildPhase section */
		9AC0C3122C373C960022F9A7 /* Frameworks */ = {
			isa = PBXFrameworksBuildPhase;
			buildActionMask = 2147483647;
			files = (
				9AA445EB2C3BF4C100B2249C /* FirebaseDatabase in Frameworks */,
				9AA445F92C3BF4C100B2249C /* FirebaseFunctionsCombine-Community in Frameworks */,
				9AA445F12C3BF4C100B2249C /* FirebaseFirestore in Frameworks */,
				9AA445DD2C3BF4C100B2249C /* FirebaseAnalyticsSwift in Frameworks */,
				9AA445D92C3BF4C100B2249C /* FirebaseAnalytics in Frameworks */,
				9AA445DB2C3BF4C100B2249C /* FirebaseAnalyticsOnDeviceConversion in Frameworks */,
				9AA446012C3BF4C100B2249C /* FirebaseMLModelDownloader in Frameworks */,
				9AA445F52C3BF4C100B2249C /* FirebaseFirestoreSwift in Frameworks */,
				9AA445E12C3BF4C100B2249C /* FirebaseAppCheck in Frameworks */,
				9AA445DF2C3BF4C100B2249C /* FirebaseAnalyticsWithoutAdIdSupport in Frameworks */,
				9AA445E52C3BF4C100B2249C /* FirebaseAuth in Frameworks */,
				9AA445E92C3BF4C100B2249C /* FirebaseCrashlytics in Frameworks */,
				9AA446092C3BF4C100B2249C /* FirebaseRemoteConfigSwift in Frameworks */,
				9AA445FB2C3BF4C100B2249C /* FirebaseInAppMessaging-Beta in Frameworks */,
				9AA445ED2C3BF4C100B2249C /* FirebaseDatabaseSwift in Frameworks */,
				9AA445F72C3BF4C100B2249C /* FirebaseFunctions in Frameworks */,
				9AA4460D2C3BF4C100B2249C /* FirebaseStorageCombine-Community in Frameworks */,
				9AA446072C3BF4C100B2249C /* FirebaseRemoteConfig in Frameworks */,
				9AA445E32C3BF4C100B2249C /* FirebaseAppDistribution-Beta in Frameworks */,
				9AA445E72C3BF4C100B2249C /* FirebaseAuthCombine-Community in Frameworks */,
				9AA446052C3BF4C100B2249C /* FirebasePerformance in Frameworks */,
				9AA445FD2C3BF4C100B2249C /* FirebaseInAppMessagingSwift-Beta in Frameworks */,
				9AA4460B2C3BF4C100B2249C /* FirebaseStorage in Frameworks */,
				9AA445EF2C3BF4C100B2249C /* FirebaseDynamicLinks in Frameworks */,
				9AA4460F2C3BF4C100B2249C /* FirebaseVertexAI-Preview in Frameworks */,
				9AA445F32C3BF4C100B2249C /* FirebaseFirestoreCombine-Community in Frameworks */,
				9AA446032C3BF4C100B2249C /* FirebaseMessaging in Frameworks */,
				9AA445FF2C3BF4C100B2249C /* FirebaseInstallations in Frameworks */,
			);
			runOnlyForDeploymentPostprocessing = 0;
		};
/* End PBXFrameworksBuildPhase section */

/* Begin PBXGroup section */
		9A4786F72C37F1A900717319 /* Home */ = {
			isa = PBXGroup;
			children = (
				9AC0C32C2C373D960022F9A7 /* Views */,
				9AC0C32B2C373D8F0022F9A7 /* ViewModels */,
			);
			path = Home;
			sourceTree = "<group>";
		};
		9A4786F82C37F1DB00717319 /* LocationSearch */ = {
			isa = PBXGroup;
			children = (
				9A4786FA2C37F21E00717319 /* ViewModel */,
				9A4786F92C37F21500717319 /* Views */,
			);
			path = LocationSearch;
			sourceTree = "<group>";
		};
		9A4786F92C37F21500717319 /* Views */ = {
			isa = PBXGroup;
			children = (
				9A4786FB2C37F27A00717319 /* LocationSearchActivationView.swift */,
				9A4786FF2C37F7A400717319 /* LocationSearchView.swift */,
				9A4787012C37FC4900717319 /* LocationSearchResultCell.swift */,
			);
			path = Views;
			sourceTree = "<group>";
		};
		9A4786FA2C37F21E00717319 /* ViewModel */ = {
			isa = PBXGroup;
			children = (
				9A4787032C382B8E00717319 /* LocationSearchViewModel.swift */,
			);
			path = ViewModel;
			sourceTree = "<group>";
		};
		9A4787072C395B3400717319 /* Trips */ = {
			isa = PBXGroup;
			children = (
				9A4787082C395B6600717319 /* RideRequestView.swift */,
			);
			path = Trips;
			sourceTree = "<group>";
		};
		9AA445CC2C3BC57900B2249C /* Profile */ = {
			isa = PBXGroup;
			children = (
				9AA445CE2C3BC58900B2249C /* ViewModel */,
				9AA445CD2C3BC58300B2249C /* View */,
			);
			path = Profile;
			sourceTree = "<group>";
		};
		9AA445CD2C3BC58300B2249C /* View */ = {
			isa = PBXGroup;
			children = (
				9AA445CF2C3BC59800B2249C /* ProfileView.swift */,
			);
			path = View;
			sourceTree = "<group>";
		};
		9AA445CE2C3BC58900B2249C /* ViewModel */ = {
			isa = PBXGroup;
			children = (
			);
			path = ViewModel;
			sourceTree = "<group>";
		};
		9AC0C30C2C373C960022F9A7 = {
			isa = PBXGroup;
			children = (
				9AC0C3172C373C960022F9A7 /* UberClone */,
				9AC0C3162C373C960022F9A7 /* Products */,
			);
			sourceTree = "<group>";
		};
		9AC0C3162C373C960022F9A7 /* Products */ = {
			isa = PBXGroup;
			children = (
				9AC0C3152C373C960022F9A7 /* UberClone.app */,
			);
			name = Products;
			sourceTree = "<group>";
		};
		9AC0C3172C373C960022F9A7 /* UberClone */ = {
			isa = PBXGroup;
			children = (
				9AC0C3262C373D030022F9A7 /* App */,
				9ACEBF0A2C3AE5FC00DFADE6 /* Componets */,
				9AC0C3272C373D130022F9A7 /* Core */,
				9AC0C3282C373D220022F9A7 /* Extensions */,
				9AC0C3292C373D330022F9A7 /* Managers */,
				9AC0C32A2C373D3E0022F9A7 /* Models */,
				9AC0C31C2C373C980022F9A7 /* Assets.xcassets */,
				9AA445D52C3BF3DC00B2249C /* GoogleService-Info.plist */,
				9AC0C31E2C373C980022F9A7 /* Preview Content */,
			);
			path = UberClone;
			sourceTree = "<group>";
		};
		9AC0C31E2C373C980022F9A7 /* Preview Content */ = {
			isa = PBXGroup;
			children = (
				9AC0C31F2C373C980022F9A7 /* Preview Assets.xcassets */,
			);
			path = "Preview Content";
			sourceTree = "<group>";
		};
		9AC0C3262C373D030022F9A7 /* App */ = {
			isa = PBXGroup;
			children = (
				9AC0C3182C373C960022F9A7 /* UberCloneApp.swift */,
			);
			path = App;
			sourceTree = "<group>";
		};
		9AC0C3272C373D130022F9A7 /* Core */ = {
			isa = PBXGroup;
			children = (
				9AA445CC2C3BC57900B2249C /* Profile */,
				9ACEBF072C3AE31000DFADE6 /* Authentication */,
				9A4787072C395B3400717319 /* Trips */,
				9A4786F82C37F1DB00717319 /* LocationSearch */,
				9A4786F72C37F1A900717319 /* Home */,
			);
			path = Core;
			sourceTree = "<group>";
		};
		9AC0C3282C373D220022F9A7 /* Extensions */ = {
			isa = PBXGroup;
			children = (
				9ACEBF012C3AB7BC00DFADE6 /* Double.swift */,
				9ACEBF052C3ADBDB00DFADE6 /* Color.swift */,
			);
			path = Extensions;
			sourceTree = "<group>";
		};
		9AC0C3292C373D330022F9A7 /* Managers */ = {
			isa = PBXGroup;
			children = (
				9AC0C3312C3741DC0022F9A7 /* LocationManager.swift */,
			);
			path = Managers;
			sourceTree = "<group>";
		};
		9AC0C32A2C373D3E0022F9A7 /* Models */ = {
			isa = PBXGroup;
			children = (
				9A4787052C3894BF00717319 /* MapViewState.swift */,
				9A47870A2C39797F00717319 /* RideType.swift */,
				9ACEBF032C3ABE4700DFADE6 /* UberLocation.swift */,
				9AA445D32C3BCCD400B2249C /* User.swift */,
			);
			path = Models;
			sourceTree = "<group>";
		};
		9AC0C32B2C373D8F0022F9A7 /* ViewModels */ = {
			isa = PBXGroup;
			children = (
			);
			path = ViewModels;
			sourceTree = "<group>";
		};
		9AC0C32C2C373D960022F9A7 /* Views */ = {
			isa = PBXGroup;
			children = (
				9AA446122C3BFBFC00B2249C /* InitialView.swift */,
				9AC0C32D2C373DE50022F9A7 /* HomeView.swift */,
				9AC0C32F2C373E840022F9A7 /* UberMapViewRepresetable.swift */,
				9A4786FD2C37F5B500717319 /* MapViewActionButton.swift */,
			);
			path = Views;
			sourceTree = "<group>";
		};
		9ACEBF072C3AE31000DFADE6 /* Authentication */ = {
			isa = PBXGroup;
			children = (
				9ACEBF092C3AE32D00DFADE6 /* ViewModel */,
				9ACEBF082C3AE32700DFADE6 /* View */,
			);
			path = Authentication;
			sourceTree = "<group>";
		};
		9ACEBF082C3AE32700DFADE6 /* View */ = {
			isa = PBXGroup;
			children = (
				9ACEBF0B2C3AE68100DFADE6 /* LoginView.swift */,
				9AA445CA2C3BC28600B2249C /* RegistrationView.swift */,
			);
			path = View;
			sourceTree = "<group>";
		};
		9ACEBF092C3AE32D00DFADE6 /* ViewModel */ = {
			isa = PBXGroup;
			children = (
				9AA446102C3BF52C00B2249C /* AuthViewModel.swift */,
			);
			path = ViewModel;
			sourceTree = "<group>";
		};
		9ACEBF0A2C3AE5FC00DFADE6 /* Componets */ = {
			isa = PBXGroup;
			children = (
				9ACEBF0D2C3AEA7600DFADE6 /* InputView.swift */,
				9AA445D12C3BC91700B2249C /* SettingsRowView.swift */,
			);
			path = Componets;
			sourceTree = "<group>";
		};
/* End PBXGroup section */

/* Begin PBXNativeTarget section */
		9AC0C3142C373C960022F9A7 /* UberClone */ = {
			isa = PBXNativeTarget;
			buildConfigurationList = 9AC0C3232C373C980022F9A7 /* Build configuration list for PBXNativeTarget "UberClone" */;
			buildPhases = (
				9AC0C3112C373C960022F9A7 /* Sources */,
				9AC0C3122C373C960022F9A7 /* Frameworks */,
				9AC0C3132C373C960022F9A7 /* Resources */,
			);
			buildRules = (
			);
			dependencies = (
			);
			name = UberClone;
			packageProductDependencies = (
				9AA445D82C3BF4C100B2249C /* FirebaseAnalytics */,
				9AA445DA2C3BF4C100B2249C /* FirebaseAnalyticsOnDeviceConversion */,
				9AA445DC2C3BF4C100B2249C /* FirebaseAnalyticsSwift */,
				9AA445DE2C3BF4C100B2249C /* FirebaseAnalyticsWithoutAdIdSupport */,
				9AA445E02C3BF4C100B2249C /* FirebaseAppCheck */,
				9AA445E22C3BF4C100B2249C /* FirebaseAppDistribution-Beta */,
				9AA445E42C3BF4C100B2249C /* FirebaseAuth */,
				9AA445E62C3BF4C100B2249C /* FirebaseAuthCombine-Community */,
				9AA445E82C3BF4C100B2249C /* FirebaseCrashlytics */,
				9AA445EA2C3BF4C100B2249C /* FirebaseDatabase */,
				9AA445EC2C3BF4C100B2249C /* FirebaseDatabaseSwift */,
				9AA445EE2C3BF4C100B2249C /* FirebaseDynamicLinks */,
				9AA445F02C3BF4C100B2249C /* FirebaseFirestore */,
				9AA445F22C3BF4C100B2249C /* FirebaseFirestoreCombine-Community */,
				9AA445F42C3BF4C100B2249C /* FirebaseFirestoreSwift */,
				9AA445F62C3BF4C100B2249C /* FirebaseFunctions */,
				9AA445F82C3BF4C100B2249C /* FirebaseFunctionsCombine-Community */,
				9AA445FA2C3BF4C100B2249C /* FirebaseInAppMessaging-Beta */,
				9AA445FC2C3BF4C100B2249C /* FirebaseInAppMessagingSwift-Beta */,
				9AA445FE2C3BF4C100B2249C /* FirebaseInstallations */,
				9AA446002C3BF4C100B2249C /* FirebaseMLModelDownloader */,
				9AA446022C3BF4C100B2249C /* FirebaseMessaging */,
				9AA446042C3BF4C100B2249C /* FirebasePerformance */,
				9AA446062C3BF4C100B2249C /* FirebaseRemoteConfig */,
				9AA446082C3BF4C100B2249C /* FirebaseRemoteConfigSwift */,
				9AA4460A2C3BF4C100B2249C /* FirebaseStorage */,
				9AA4460C2C3BF4C100B2249C /* FirebaseStorageCombine-Community */,
				9AA4460E2C3BF4C100B2249C /* FirebaseVertexAI-Preview */,
			);
			productName = UberClone;
			productReference = 9AC0C3152C373C960022F9A7 /* UberClone.app */;
			productType = "com.apple.product-type.application";
		};
/* End PBXNativeTarget section */

/* Begin PBXProject section */
		9AC0C30D2C373C960022F9A7 /* Project object */ = {
			isa = PBXProject;
			attributes = {
				BuildIndependentTargetsInParallel = 1;
				LastSwiftUpdateCheck = 1520;
				LastUpgradeCheck = 1520;
				TargetAttributes = {
					9AC0C3142C373C960022F9A7 = {
						CreatedOnToolsVersion = 15.2;
					};
				};
			};
			buildConfigurationList = 9AC0C3102C373C960022F9A7 /* Build configuration list for PBXProject "UberClone" */;
			compatibilityVersion = "Xcode 14.0";
			developmentRegion = en;
			hasScannedForEncodings = 0;
			knownRegions = (
				en,
				Base,
			);
			mainGroup = 9AC0C30C2C373C960022F9A7;
			packageReferences = (
				9AA445D72C3BF4C100B2249C /* XCRemoteSwiftPackageReference "firebase-ios-sdk" */,
			);
			productRefGroup = 9AC0C3162C373C960022F9A7 /* Products */;
			projectDirPath = "";
			projectRoot = "";
			targets = (
				9AC0C3142C373C960022F9A7 /* UberClone */,
			);
		};
/* End PBXProject section */

/* Begin PBXResourcesBuildPhase section */
		9AC0C3132C373C960022F9A7 /* Resources */ = {
			isa = PBXResourcesBuildPhase;
			buildActionMask = 2147483647;
			files = (
				9AC0C3202C373C980022F9A7 /* Preview Assets.xcassets in Resources */,
				9AC0C31D2C373C980022F9A7 /* Assets.xcassets in Resources */,
				9AA445D62C3BF3DC00B2249C /* GoogleService-Info.plist in Resources */,
			);
			runOnlyForDeploymentPostprocessing = 0;
		};
/* End PBXResourcesBuildPhase section */

/* Begin PBXSourcesBuildPhase section */
		9AC0C3112C373C960022F9A7 /* Sources */ = {
			isa = PBXSourcesBuildPhase;
			buildActionMask = 2147483647;
			files = (
				9A4787042C382B8E00717319 /* LocationSearchViewModel.swift in Sources */,
				9AA446132C3BFBFC00B2249C /* InitialView.swift in Sources */,
				9A4787002C37F7A400717319 /* LocationSearchView.swift in Sources */,
				9AC0C3322C3741DC0022F9A7 /* LocationManager.swift in Sources */,
				9AA445CB2C3BC28600B2249C /* RegistrationView.swift in Sources */,
				9A4787092C395B6600717319 /* RideRequestView.swift in Sources */,
				9ACEBF022C3AB7BC00DFADE6 /* Double.swift in Sources */,
				9A4787062C3894BF00717319 /* MapViewState.swift in Sources */,
				9A4786FE2C37F5B500717319 /* MapViewActionButton.swift in Sources */,
				9AC0C3192C373C960022F9A7 /* UberCloneApp.swift in Sources */,
				9ACEBF0E2C3AEA7600DFADE6 /* InputView.swift in Sources */,
				9ACEBF062C3ADBDB00DFADE6 /* Color.swift in Sources */,
				9AC0C3302C373E840022F9A7 /* UberMapViewRepresetable.swift in Sources */,
				9AA445D22C3BC91700B2249C /* SettingsRowView.swift in Sources */,
				9AC0C32E2C373DE50022F9A7 /* HomeView.swift in Sources */,
				9ACEBF042C3ABE4700DFADE6 /* UberLocation.swift in Sources */,
				9A4786FC2C37F27A00717319 /* LocationSearchActivationView.swift in Sources */,
				9A4787022C37FC4900717319 /* LocationSearchResultCell.swift in Sources */,
				9AA445D02C3BC59800B2249C /* ProfileView.swift in Sources */,
				9AA446112C3BF52C00B2249C /* AuthViewModel.swift in Sources */,
				9ACEBF0C2C3AE68100DFADE6 /* LoginView.swift in Sources */,
				9A47870B2C39797F00717319 /* RideType.swift in Sources */,
				9AA445D42C3BCCD500B2249C /* User.swift in Sources */,
			);
			runOnlyForDeploymentPostprocessing = 0;
		};
/* End PBXSourcesBuildPhase section */

/* Begin XCBuildConfiguration section */
		9AC0C3212C373C980022F9A7 /* Debug */ = {
			isa = XCBuildConfiguration;
			buildSettings = {
				ALWAYS_SEARCH_USER_PATHS = NO;
				ASSETCATALOG_COMPILER_GENERATE_SWIFT_ASSET_SYMBOL_EXTENSIONS = YES;
				CLANG_ANALYZER_NONNULL = YES;
				CLANG_ANALYZER_NUMBER_OBJECT_CONVERSION = YES_AGGRESSIVE;
				CLANG_CXX_LANGUAGE_STANDARD = "gnu++20";
				CLANG_ENABLE_MODULES = YES;
				CLANG_ENABLE_OBJC_ARC = YES;
				CLANG_ENABLE_OBJC_WEAK = YES;
				CLANG_WARN_BLOCK_CAPTURE_AUTORELEASING = YES;
				CLANG_WARN_BOOL_CONVERSION = YES;
				CLANG_WARN_COMMA = YES;
				CLANG_WARN_CONSTANT_CONVERSION = YES;
				CLANG_WARN_DEPRECATED_OBJC_IMPLEMENTATIONS = YES;
				CLANG_WARN_DIRECT_OBJC_ISA_USAGE = YES_ERROR;
				CLANG_WARN_DOCUMENTATION_COMMENTS = YES;
				CLANG_WARN_EMPTY_BODY = YES;
				CLANG_WARN_ENUM_CONVERSION = YES;
				CLANG_WARN_INFINITE_RECURSION = YES;
				CLANG_WARN_INT_CONVERSION = YES;
				CLANG_WARN_NON_LITERAL_NULL_CONVERSION = YES;
				CLANG_WARN_OBJC_IMPLICIT_RETAIN_SELF = YES;
				CLANG_WARN_OBJC_LITERAL_CONVERSION = YES;
				CLANG_WARN_OBJC_ROOT_CLASS = YES_ERROR;
				CLANG_WARN_QUOTED_INCLUDE_IN_FRAMEWORK_HEADER = YES;
				CLANG_WARN_RANGE_LOOP_ANALYSIS = YES;
				CLANG_WARN_STRICT_PROTOTYPES = YES;
				CLANG_WARN_SUSPICIOUS_MOVE = YES;
				CLANG_WARN_UNGUARDED_AVAILABILITY = YES_AGGRESSIVE;
				CLANG_WARN_UNREACHABLE_CODE = YES;
				CLANG_WARN__DUPLICATE_METHOD_MATCH = YES;
				COPY_PHASE_STRIP = NO;
				DEBUG_INFORMATION_FORMAT = dwarf;
				ENABLE_STRICT_OBJC_MSGSEND = YES;
				ENABLE_TESTABILITY = YES;
				ENABLE_USER_SCRIPT_SANDBOXING = YES;
				GCC_C_LANGUAGE_STANDARD = gnu17;
				GCC_DYNAMIC_NO_PIC = NO;
				GCC_NO_COMMON_BLOCKS = YES;
				GCC_OPTIMIZATION_LEVEL = 0;
				GCC_PREPROCESSOR_DEFINITIONS = (
					"DEBUG=1",
					"$(inherited)",
				);
				GCC_WARN_64_TO_32_BIT_CONVERSION = YES;
				GCC_WARN_ABOUT_RETURN_TYPE = YES_ERROR;
				GCC_WARN_UNDECLARED_SELECTOR = YES;
				GCC_WARN_UNINITIALIZED_AUTOS = YES_AGGRESSIVE;
				GCC_WARN_UNUSED_FUNCTION = YES;
				GCC_WARN_UNUSED_VARIABLE = YES;
				IPHONEOS_DEPLOYMENT_TARGET = 17.2;
				LOCALIZATION_PREFERS_STRING_CATALOGS = YES;
				MTL_ENABLE_DEBUG_INFO = INCLUDE_SOURCE;
				MTL_FAST_MATH = YES;
				ONLY_ACTIVE_ARCH = YES;
				SDKROOT = iphoneos;
				SWIFT_ACTIVE_COMPILATION_CONDITIONS = "DEBUG $(inherited)";
				SWIFT_OPTIMIZATION_LEVEL = "-Onone";
			};
			name = Debug;
		};
		9AC0C3222C373C980022F9A7 /* Release */ = {
			isa = XCBuildConfiguration;
			buildSettings = {
				ALWAYS_SEARCH_USER_PATHS = NO;
				ASSETCATALOG_COMPILER_GENERATE_SWIFT_ASSET_SYMBOL_EXTENSIONS = YES;
				CLANG_ANALYZER_NONNULL = YES;
				CLANG_ANALYZER_NUMBER_OBJECT_CONVERSION = YES_AGGRESSIVE;
				CLANG_CXX_LANGUAGE_STANDARD = "gnu++20";
				CLANG_ENABLE_MODULES = YES;
				CLANG_ENABLE_OBJC_ARC = YES;
				CLANG_ENABLE_OBJC_WEAK = YES;
				CLANG_WARN_BLOCK_CAPTURE_AUTORELEASING = YES;
				CLANG_WARN_BOOL_CONVERSION = YES;
				CLANG_WARN_COMMA = YES;
				CLANG_WARN_CONSTANT_CONVERSION = YES;
				CLANG_WARN_DEPRECATED_OBJC_IMPLEMENTATIONS = YES;
				CLANG_WARN_DIRECT_OBJC_ISA_USAGE = YES_ERROR;
				CLANG_WARN_DOCUMENTATION_COMMENTS = YES;
				CLANG_WARN_EMPTY_BODY = YES;
				CLANG_WARN_ENUM_CONVERSION = YES;
				CLANG_WARN_INFINITE_RECURSION = YES;
				CLANG_WARN_INT_CONVERSION = YES;
				CLANG_WARN_NON_LITERAL_NULL_CONVERSION = YES;
				CLANG_WARN_OBJC_IMPLICIT_RETAIN_SELF = YES;
				CLANG_WARN_OBJC_LITERAL_CONVERSION = YES;
				CLANG_WARN_OBJC_ROOT_CLASS = YES_ERROR;
				CLANG_WARN_QUOTED_INCLUDE_IN_FRAMEWORK_HEADER = YES;
				CLANG_WARN_RANGE_LOOP_ANALYSIS = YES;
				CLANG_WARN_STRICT_PROTOTYPES = YES;
				CLANG_WARN_SUSPICIOUS_MOVE = YES;
				CLANG_WARN_UNGUARDED_AVAILABILITY = YES_AGGRESSIVE;
				CLANG_WARN_UNREACHABLE_CODE = YES;
				CLANG_WARN__DUPLICATE_METHOD_MATCH = YES;
				COPY_PHASE_STRIP = NO;
				DEBUG_INFORMATION_FORMAT = "dwarf-with-dsym";
				ENABLE_NS_ASSERTIONS = NO;
				ENABLE_STRICT_OBJC_MSGSEND = YES;
				ENABLE_USER_SCRIPT_SANDBOXING = YES;
				GCC_C_LANGUAGE_STANDARD = gnu17;
				GCC_NO_COMMON_BLOCKS = YES;
				GCC_WARN_64_TO_32_BIT_CONVERSION = YES;
				GCC_WARN_ABOUT_RETURN_TYPE = YES_ERROR;
				GCC_WARN_UNDECLARED_SELECTOR = YES;
				GCC_WARN_UNINITIALIZED_AUTOS = YES_AGGRESSIVE;
				GCC_WARN_UNUSED_FUNCTION = YES;
				GCC_WARN_UNUSED_VARIABLE = YES;
				IPHONEOS_DEPLOYMENT_TARGET = 17.2;
				LOCALIZATION_PREFERS_STRING_CATALOGS = YES;
				MTL_ENABLE_DEBUG_INFO = NO;
				MTL_FAST_MATH = YES;
				SDKROOT = iphoneos;
				SWIFT_COMPILATION_MODE = wholemodule;
				VALIDATE_PRODUCT = YES;
			};
			name = Release;
		};
		9AC0C3242C373C980022F9A7 /* Debug */ = {
			isa = XCBuildConfiguration;
			buildSettings = {
				ASSETCATALOG_COMPILER_APPICON_NAME = AppIcon;
				ASSETCATALOG_COMPILER_GLOBAL_ACCENT_COLOR_NAME = AccentColor;
				CODE_SIGN_STYLE = Automatic;
				CURRENT_PROJECT_VERSION = 1;
				DEVELOPMENT_ASSET_PATHS = "\"UberClone/Preview Content\"";
				ENABLE_PREVIEWS = YES;
				GENERATE_INFOPLIST_FILE = YES;
				INFOPLIST_KEY_NSLocationWhenInUseUsageDescription = "Please allow us to access your location to find you neardy drivers and rides";
				INFOPLIST_KEY_UIApplicationSceneManifest_Generation = YES;
				INFOPLIST_KEY_UIApplicationSupportsIndirectInputEvents = YES;
				INFOPLIST_KEY_UILaunchScreen_Generation = YES;
				INFOPLIST_KEY_UISupportedInterfaceOrientations_iPad = "UIInterfaceOrientationPortrait UIInterfaceOrientationPortraitUpsideDown UIInterfaceOrientationLandscapeLeft UIInterfaceOrientationLandscapeRight";
				INFOPLIST_KEY_UISupportedInterfaceOrientations_iPhone = "UIInterfaceOrientationPortrait UIInterfaceOrientationLandscapeLeft UIInterfaceOrientationLandscapeRight";
				LD_RUNPATH_SEARCH_PATHS = (
					"$(inherited)",
					"@executable_path/Frameworks",
				);
				MARKETING_VERSION = 1.0;
				PRODUCT_BUNDLE_IDENTIFIER = py.com.julioc.UberClone;
				PRODUCT_NAME = "$(TARGET_NAME)";
				SWIFT_EMIT_LOC_STRINGS = YES;
				SWIFT_VERSION = 5.0;
				TARGETED_DEVICE_FAMILY = "1,2";
			};
			name = Debug;
		};
		9AC0C3252C373C980022F9A7 /* Release */ = {
			isa = XCBuildConfiguration;
			buildSettings = {
				ASSETCATALOG_COMPILER_APPICON_NAME = AppIcon;
				ASSETCATALOG_COMPILER_GLOBAL_ACCENT_COLOR_NAME = AccentColor;
				CODE_SIGN_STYLE = Automatic;
				CURRENT_PROJECT_VERSION = 1;
				DEVELOPMENT_ASSET_PATHS = "\"UberClone/Preview Content\"";
				ENABLE_PREVIEWS = YES;
				GENERATE_INFOPLIST_FILE = YES;
				INFOPLIST_KEY_NSLocationWhenInUseUsageDescription = "Please allow us to access your location to find you neardy drivers and rides";
				INFOPLIST_KEY_UIApplicationSceneManifest_Generation = YES;
				INFOPLIST_KEY_UIApplicationSupportsIndirectInputEvents = YES;
				INFOPLIST_KEY_UILaunchScreen_Generation = YES;
				INFOPLIST_KEY_UISupportedInterfaceOrientations_iPad = "UIInterfaceOrientationPortrait UIInterfaceOrientationPortraitUpsideDown UIInterfaceOrientationLandscapeLeft UIInterfaceOrientationLandscapeRight";
				INFOPLIST_KEY_UISupportedInterfaceOrientations_iPhone = "UIInterfaceOrientationPortrait UIInterfaceOrientationLandscapeLeft UIInterfaceOrientationLandscapeRight";
				LD_RUNPATH_SEARCH_PATHS = (
					"$(inherited)",
					"@executable_path/Frameworks",
				);
				MARKETING_VERSION = 1.0;
				PRODUCT_BUNDLE_IDENTIFIER = py.com.julioc.UberClone;
				PRODUCT_NAME = "$(TARGET_NAME)";
				SWIFT_EMIT_LOC_STRINGS = YES;
				SWIFT_VERSION = 5.0;
				TARGETED_DEVICE_FAMILY = "1,2";
			};
			name = Release;
		};
/* End XCBuildConfiguration section */

/* Begin XCConfigurationList section */
		9AC0C3102C373C960022F9A7 /* Build configuration list for PBXProject "UberClone" */ = {
			isa = XCConfigurationList;
			buildConfigurations = (
				9AC0C3212C373C980022F9A7 /* Debug */,
				9AC0C3222C373C980022F9A7 /* Release */,
			);
			defaultConfigurationIsVisible = 0;
			defaultConfigurationName = Release;
		};
		9AC0C3232C373C980022F9A7 /* Build configuration list for PBXNativeTarget "UberClone" */ = {
			isa = XCConfigurationList;
			buildConfigurations = (
				9AC0C3242C373C980022F9A7 /* Debug */,
				9AC0C3252C373C980022F9A7 /* Release */,
			);
			defaultConfigurationIsVisible = 0;
			defaultConfigurationName = Release;
		};
/* End XCConfigurationList section */

/* Begin XCRemoteSwiftPackageReference section */
		9AA445D72C3BF4C100B2249C /* XCRemoteSwiftPackageReference "firebase-ios-sdk" */ = {
			isa = XCRemoteSwiftPackageReference;
			repositoryURL = "https://github.com/firebase/firebase-ios-sdk";
			requirement = {
				kind = upToNextMajorVersion;
				minimumVersion = 10.28.1;
			};
		};
/* End XCRemoteSwiftPackageReference section */

/* Begin XCSwiftPackageProductDependency section */
		9AA445D82C3BF4C100B2249C /* FirebaseAnalytics */ = {
			isa = XCSwiftPackageProductDependency;
			package = 9AA445D72C3BF4C100B2249C /* XCRemoteSwiftPackageReference "firebase-ios-sdk" */;
			productName = FirebaseAnalytics;
		};
		9AA445DA2C3BF4C100B2249C /* FirebaseAnalyticsOnDeviceConversion */ = {
			isa = XCSwiftPackageProductDependency;
			package = 9AA445D72C3BF4C100B2249C /* XCRemoteSwiftPackageReference "firebase-ios-sdk" */;
			productName = FirebaseAnalyticsOnDeviceConversion;
		};
		9AA445DC2C3BF4C100B2249C /* FirebaseAnalyticsSwift */ = {
			isa = XCSwiftPackageProductDependency;
			package = 9AA445D72C3BF4C100B2249C /* XCRemoteSwiftPackageReference "firebase-ios-sdk" */;
			productName = FirebaseAnalyticsSwift;
		};
		9AA445DE2C3BF4C100B2249C /* FirebaseAnalyticsWithoutAdIdSupport */ = {
			isa = XCSwiftPackageProductDependency;
			package = 9AA445D72C3BF4C100B2249C /* XCRemoteSwiftPackageReference "firebase-ios-sdk" */;
			productName = FirebaseAnalyticsWithoutAdIdSupport;
		};
		9AA445E02C3BF4C100B2249C /* FirebaseAppCheck */ = {
			isa = XCSwiftPackageProductDependency;
			package = 9AA445D72C3BF4C100B2249C /* XCRemoteSwiftPackageReference "firebase-ios-sdk" */;
			productName = FirebaseAppCheck;
		};
		9AA445E22C3BF4C100B2249C /* FirebaseAppDistribution-Beta */ = {
			isa = XCSwiftPackageProductDependency;
			package = 9AA445D72C3BF4C100B2249C /* XCRemoteSwiftPackageReference "firebase-ios-sdk" */;
			productName = "FirebaseAppDistribution-Beta";
		};
		9AA445E42C3BF4C100B2249C /* FirebaseAuth */ = {
			isa = XCSwiftPackageProductDependency;
			package = 9AA445D72C3BF4C100B2249C /* XCRemoteSwiftPackageReference "firebase-ios-sdk" */;
			productName = FirebaseAuth;
		};
		9AA445E62C3BF4C100B2249C /* FirebaseAuthCombine-Community */ = {
			isa = XCSwiftPackageProductDependency;
			package = 9AA445D72C3BF4C100B2249C /* XCRemoteSwiftPackageReference "firebase-ios-sdk" */;
			productName = "FirebaseAuthCombine-Community";
		};
		9AA445E82C3BF4C100B2249C /* FirebaseCrashlytics */ = {
			isa = XCSwiftPackageProductDependency;
			package = 9AA445D72C3BF4C100B2249C /* XCRemoteSwiftPackageReference "firebase-ios-sdk" */;
			productName = FirebaseCrashlytics;
		};
		9AA445EA2C3BF4C100B2249C /* FirebaseDatabase */ = {
			isa = XCSwiftPackageProductDependency;
			package = 9AA445D72C3BF4C100B2249C /* XCRemoteSwiftPackageReference "firebase-ios-sdk" */;
			productName = FirebaseDatabase;
		};
		9AA445EC2C3BF4C100B2249C /* FirebaseDatabaseSwift */ = {
			isa = XCSwiftPackageProductDependency;
			package = 9AA445D72C3BF4C100B2249C /* XCRemoteSwiftPackageReference "firebase-ios-sdk" */;
			productName = FirebaseDatabaseSwift;
		};
		9AA445EE2C3BF4C100B2249C /* FirebaseDynamicLinks */ = {
			isa = XCSwiftPackageProductDependency;
			package = 9AA445D72C3BF4C100B2249C /* XCRemoteSwiftPackageReference "firebase-ios-sdk" */;
			productName = FirebaseDynamicLinks;
		};
		9AA445F02C3BF4C100B2249C /* FirebaseFirestore */ = {
			isa = XCSwiftPackageProductDependency;
			package = 9AA445D72C3BF4C100B2249C /* XCRemoteSwiftPackageReference "firebase-ios-sdk" */;
			productName = FirebaseFirestore;
		};
		9AA445F22C3BF4C100B2249C /* FirebaseFirestoreCombine-Community */ = {
			isa = XCSwiftPackageProductDependency;
			package = 9AA445D72C3BF4C100B2249C /* XCRemoteSwiftPackageReference "firebase-ios-sdk" */;
			productName = "FirebaseFirestoreCombine-Community";
		};
		9AA445F42C3BF4C100B2249C /* FirebaseFirestoreSwift */ = {
			isa = XCSwiftPackageProductDependency;
			package = 9AA445D72C3BF4C100B2249C /* XCRemoteSwiftPackageReference "firebase-ios-sdk" */;
			productName = FirebaseFirestoreSwift;
		};
		9AA445F62C3BF4C100B2249C /* FirebaseFunctions */ = {
			isa = XCSwiftPackageProductDependency;
			package = 9AA445D72C3BF4C100B2249C /* XCRemoteSwiftPackageReference "firebase-ios-sdk" */;
			productName = FirebaseFunctions;
		};
		9AA445F82C3BF4C100B2249C /* FirebaseFunctionsCombine-Community */ = {
			isa = XCSwiftPackageProductDependency;
			package = 9AA445D72C3BF4C100B2249C /* XCRemoteSwiftPackageReference "firebase-ios-sdk" */;
			productName = "FirebaseFunctionsCombine-Community";
		};
		9AA445FA2C3BF4C100B2249C /* FirebaseInAppMessaging-Beta */ = {
			isa = XCSwiftPackageProductDependency;
			package = 9AA445D72C3BF4C100B2249C /* XCRemoteSwiftPackageReference "firebase-ios-sdk" */;
			productName = "FirebaseInAppMessaging-Beta";
		};
		9AA445FC2C3BF4C100B2249C /* FirebaseInAppMessagingSwift-Beta */ = {
			isa = XCSwiftPackageProductDependency;
			package = 9AA445D72C3BF4C100B2249C /* XCRemoteSwiftPackageReference "firebase-ios-sdk" */;
			productName = "FirebaseInAppMessagingSwift-Beta";
		};
		9AA445FE2C3BF4C100B2249C /* FirebaseInstallations */ = {
			isa = XCSwiftPackageProductDependency;
			package = 9AA445D72C3BF4C100B2249C /* XCRemoteSwiftPackageReference "firebase-ios-sdk" */;
			productName = FirebaseInstallations;
		};
		9AA446002C3BF4C100B2249C /* FirebaseMLModelDownloader */ = {
			isa = XCSwiftPackageProductDependency;
			package = 9AA445D72C3BF4C100B2249C /* XCRemoteSwiftPackageReference "firebase-ios-sdk" */;
			productName = FirebaseMLModelDownloader;
		};
		9AA446022C3BF4C100B2249C /* FirebaseMessaging */ = {
			isa = XCSwiftPackageProductDependency;
			package = 9AA445D72C3BF4C100B2249C /* XCRemoteSwiftPackageReference "firebase-ios-sdk" */;
			productName = FirebaseMessaging;
		};
		9AA446042C3BF4C100B2249C /* FirebasePerformance */ = {
			isa = XCSwiftPackageProductDependency;
			package = 9AA445D72C3BF4C100B2249C /* XCRemoteSwiftPackageReference "firebase-ios-sdk" */;
			productName = FirebasePerformance;
		};
		9AA446062C3BF4C100B2249C /* FirebaseRemoteConfig */ = {
			isa = XCSwiftPackageProductDependency;
			package = 9AA445D72C3BF4C100B2249C /* XCRemoteSwiftPackageReference "firebase-ios-sdk" */;
			productName = FirebaseRemoteConfig;
		};
		9AA446082C3BF4C100B2249C /* FirebaseRemoteConfigSwift */ = {
			isa = XCSwiftPackageProductDependency;
			package = 9AA445D72C3BF4C100B2249C /* XCRemoteSwiftPackageReference "firebase-ios-sdk" */;
			productName = FirebaseRemoteConfigSwift;
		};
		9AA4460A2C3BF4C100B2249C /* FirebaseStorage */ = {
			isa = XCSwiftPackageProductDependency;
			package = 9AA445D72C3BF4C100B2249C /* XCRemoteSwiftPackageReference "firebase-ios-sdk" */;
			productName = FirebaseStorage;
		};
		9AA4460C2C3BF4C100B2249C /* FirebaseStorageCombine-Community */ = {
			isa = XCSwiftPackageProductDependency;
			package = 9AA445D72C3BF4C100B2249C /* XCRemoteSwiftPackageReference "firebase-ios-sdk" */;
			productName = "FirebaseStorageCombine-Community";
		};
		9AA4460E2C3BF4C100B2249C /* FirebaseVertexAI-Preview */ = {
			isa = XCSwiftPackageProductDependency;
			package = 9AA445D72C3BF4C100B2249C /* XCRemoteSwiftPackageReference "firebase-ios-sdk" */;
			productName = "FirebaseVertexAI-Preview";
		};
/* End XCSwiftPackageProductDependency section */
	};
	rootObject = 9AC0C30D2C373C960022F9A7 /* Project object */;
}
